
Microsoft Visual Studio Solution File, Format Version 12.00
# Visual Studio 15
VisualStudioVersion = 15.0.28307.271
MinimumVisualStudioVersion = 10.0.40219.1
Project("{9A19103F-16F7-4668-BE54-9A1E7A4F7556}") = "Librarian.Base", "Librarian.Base.csproj", "{91BD51E6-9A20-472E-B08F-F3F4409E0C9E}"
EndProject
Global
	GlobalSection(SolutionConfigurationPlatforms) = preSolution
		Debug|Any CPU = Debug|Any CPU
		Release|Any CPU = Release|Any CPU
	EndGlobalSection
	GlobalSection(ProjectConfigurationPlatforms) = postSolution
		{91BD51E6-9A20-472E-B08F-F3F4409E0C9E}.Debug|Any CPU.ActiveCfg = Debug|Any CPU
		{91BD51E6-9A20-472E-B08F-F3F4409E0C9E}.Debug|Any CPU.Build.0 = Debug|Any CPU
		{91BD51E6-9A20-472E-B08F-F3F4409E0C9E}.Release|Any CPU.ActiveCfg = Release|Any CPU
		{91BD51E6-9A20-472E-B08F-F3F4409E0C9E}.Release|Any CPU.Build.0 = Release|Any CPU
	EndGlobalSection
	GlobalSection(SolutionProperties) = preSolution
		HideSolutionNode = FALSE
	EndGlobalSection
	GlobalSection(ExtensibilityGlobals) = postSolution
		SolutionGuid = {8B90BA83-C9F9-4282-A43A-A4BA48734475}
	EndGlobalSection
EndGlobal
