
Microsoft Visual Studio Solution File, Format Version 12.00
# Visual Studio 15
VisualStudioVersion = 15.0.28307.136
MinimumVisualStudioVersion = 10.0.40219.1
Project("{9A19103F-16F7-4668-BE54-9A1E7A4F7556}") = "BookLib.Data", "BookLib.Data\BookLib.Data.csproj", "{E6CA8D7F-8112-40A1-B206-53F20698DC9C}"
EndProject
Project("{9A19103F-16F7-4668-BE54-9A1E7A4F7556}") = "BookLib.Cons", "BookLib.Cons\BookLib.Cons.csproj", "{B8703E6D-D75E-4D76-81F8-C20DC0879C50}"
EndProject
Project("{9A19103F-16F7-4668-BE54-9A1E7A4F7556}") = "BookLib.API", "BookLib.API\BookLib.API.csproj", "{4112DBA2-085D-4DEA-A88E-CECB889531AC}"
EndProject
Global
	GlobalSection(SolutionConfigurationPlatforms) = preSolution
		Debug|Any CPU = Debug|Any CPU
		Release|Any CPU = Release|Any CPU
	EndGlobalSection
	GlobalSection(ProjectConfigurationPlatforms) = postSolution
		{E6CA8D7F-8112-40A1-B206-53F20698DC9C}.Debug|Any CPU.ActiveCfg = Debug|Any CPU
		{E6CA8D7F-8112-40A1-B206-53F20698DC9C}.Debug|Any CPU.Build.0 = Debug|Any CPU
		{E6CA8D7F-8112-40A1-B206-53F20698DC9C}.Release|Any CPU.ActiveCfg = Release|Any CPU
		{E6CA8D7F-8112-40A1-B206-53F20698DC9C}.Release|Any CPU.Build.0 = Release|Any CPU
		{B8703E6D-D75E-4D76-81F8-C20DC0879C50}.Debug|Any CPU.ActiveCfg = Debug|Any CPU
		{B8703E6D-D75E-4D76-81F8-C20DC0879C50}.Debug|Any CPU.Build.0 = Debug|Any CPU
		{B8703E6D-D75E-4D76-81F8-C20DC0879C50}.Release|Any CPU.ActiveCfg = Release|Any CPU
		{B8703E6D-D75E-4D76-81F8-C20DC0879C50}.Release|Any CPU.Build.0 = Release|Any CPU
		{4112DBA2-085D-4DEA-A88E-CECB889531AC}.Debug|Any CPU.ActiveCfg = Debug|Any CPU
		{4112DBA2-085D-4DEA-A88E-CECB889531AC}.Debug|Any CPU.Build.0 = Debug|Any CPU
		{4112DBA2-085D-4DEA-A88E-CECB889531AC}.Release|Any CPU.ActiveCfg = Release|Any CPU
		{4112DBA2-085D-4DEA-A88E-CECB889531AC}.Release|Any CPU.Build.0 = Release|Any CPU
	EndGlobalSection
	GlobalSection(SolutionProperties) = preSolution
		HideSolutionNode = FALSE
	EndGlobalSection
	GlobalSection(ExtensibilityGlobals) = postSolution
		SolutionGuid = {45E4EF79-4BF7-4647-B6B9-FB97BB35814D}
	EndGlobalSection
EndGlobal
